// !$*UTF8*$!
{
	archiveVersion = 1;
	classes = {
	};
	objectVersion = 56;
	objects = {

/* Begin PBXBuildFile section */
		8182F6A12A4460B700659A53 /* DRMPlaybackSwiftUIApp.swift in Sources */ = {isa = PBXBuildFile; fileRef = 8182F6A02A4460B700659A53 /* DRMPlaybackSwiftUIApp.swift */; };
		8182F6A32A4460B700659A53 /* ContentView.swift in Sources */ = {isa = PBXBuildFile; fileRef = 8182F6A22A4460B700659A53 /* ContentView.swift */; };
		8182F6A52A4460B900659A53 /* Assets.xcassets in Resources */ = {isa = PBXBuildFile; fileRef = 8182F6A42A4460B900659A53 /* Assets.xcassets */; };
		8182F6A82A4460B900659A53 /* Preview Assets.xcassets in Resources */ = {isa = PBXBuildFile; fileRef = 8182F6A72A4460B900659A53 /* Preview Assets.xcassets */; };
		8182F6B02A44651000659A53 /* SwiftUIPlayerView.swift in Sources */ = {isa = PBXBuildFile; fileRef = 8182F6AF2A44651000659A53 /* SwiftUIPlayerView.swift */; };
		8182F6B42A44678B00659A53 /* BitmovinPlayer in Frameworks */ = {isa = PBXBuildFile; productRef = 8182F6B32A44678B00659A53 /* BitmovinPlayer */; };
/* End PBXBuildFile section */

/* Begin PBXFileReference section */
		8182F69D2A4460B700659A53 /* Cloud DRM Bitmovin SwiftUI.app */ = {isa = PBXFileReference; explicitFileType = wrapper.application; includeInIndex = 0; path = "Cloud DRM Bitmovin SwiftUI.app"; sourceTree = BUILT_PRODUCTS_DIR; };
		8182F6A02A4460B700659A53 /* DRMPlaybackSwiftUIApp.swift */ = {isa = PBXFileReference; lastKnownFileType = sourcecode.swift; path = DRMPlaybackSwiftUIApp.swift; sourceTree = "<group>"; };
		8182F6A22A4460B700659A53 /* ContentView.swift */ = {isa = PBXFileReference; lastKnownFileType = sourcecode.swift; path = ContentView.swift; sourceTree = "<group>"; };
		8182F6A42A4460B900659A53 /* Assets.xcassets */ = {isa = PBXFileReference; lastKnownFileType = folder.assetcatalog; path = Assets.xcassets; sourceTree = "<group>"; };
		8182F6A72A4460B900659A53 /* Preview Assets.xcassets */ = {isa = PBXFileReference; lastKnownFileType = folder.assetcatalog; path = "Preview Assets.xcassets"; sourceTree = "<group>"; };
		8182F6AF2A44651000659A53 /* SwiftUIPlayerView.swift */ = {isa = PBXFileReference; lastKnownFileType = sourcecode.swift; path = SwiftUIPlayerView.swift; sourceTree = "<group>"; };
		8182F6B12A4466EF00659A53 /* Info.plist */ = {isa = PBXFileReference; lastKnownFileType = text.plist; path = Info.plist; sourceTree = "<group>"; };
/* End PBXFileReference section */

/* Begin PBXFrameworksBuildPhase section */
		8182F69A2A4460B700659A53 /* Frameworks */ = {
			isa = PBXFrameworksBuildPhase;
			buildActionMask = 2147483647;
			files = (
				8182F6B42A44678B00659A53 /* BitmovinPlayer in Frameworks */,
			);
			runOnlyForDeploymentPostprocessing = 0;
		};
/* End PBXFrameworksBuildPhase section */

/* Begin PBXGroup section */
		8182F6942A4460B700659A53 = {
			isa = PBXGroup;
			children = (
				8182F69F2A4460B700659A53 /* DRMPlaybackSwiftUI */,
				8182F69E2A4460B700659A53 /* Products */,
			);
			sourceTree = "<group>";
		};
		8182F69E2A4460B700659A53 /* Products */ = {
			isa = PBXGroup;
			children = (
				8182F69D2A4460B700659A53 /* Cloud DRM Bitmovin SwiftUI.app */,
			);
			name = Products;
			sourceTree = "<group>";
		};
		8182F69F2A4460B700659A53 /* DRMPlaybackSwiftUI */ = {
			isa = PBXGroup;
			children = (
				8182F6B12A4466EF00659A53 /* Info.plist */,
				8182F6AE2A4464F600659A53 /* Helper */,
				8182F6A02A4460B700659A53 /* DRMPlaybackSwiftUIApp.swift */,
				8182F6A22A4460B700659A53 /* ContentView.swift */,
				8182F6A42A4460B900659A53 /* Assets.xcassets */,
				8182F6A62A4460B900659A53 /* Preview Content */,
			);
			path = DRMPlaybackSwiftUI;
			sourceTree = "<group>";
		};
		8182F6A62A4460B900659A53 /* Preview Content */ = {
			isa = PBXGroup;
			children = (
				8182F6A72A4460B900659A53 /* Preview Assets.xcassets */,
			);
			path = "Preview Content";
			sourceTree = "<group>";
		};
		8182F6AE2A4464F600659A53 /* Helper */ = {
			isa = PBXGroup;
			children = (
				8182F6AF2A44651000659A53 /* SwiftUIPlayerView.swift */,
			);
			path = Helper;
			sourceTree = "<group>";
		};
/* End PBXGroup section */

/* Begin PBXNativeTarget section */
		8182F69C2A4460B700659A53 /* DRMPlaybackSwiftUI */ = {
			isa = PBXNativeTarget;
			buildConfigurationList = 8182F6AB2A4460B900659A53 /* Build configuration list for PBXNativeTarget "DRMPlaybackSwiftUI" */;
			buildPhases = (
				8182F6992A4460B700659A53 /* Sources */,
				8182F69A2A4460B700659A53 /* Frameworks */,
				8182F69B2A4460B700659A53 /* Resources */,
			);
			buildRules = (
			);
			dependencies = (
			);
			name = DRMPlaybackSwiftUI;
			packageProductDependencies = (
				8182F6B32A44678B00659A53 /* BitmovinPlayer */,
			);
			productName = DRMPlaybackSwiftUI;
			productReference = 8182F69D2A4460B700659A53 /* Cloud DRM Bitmovin SwiftUI.app */;
			productType = "com.apple.product-type.application";
		};
/* End PBXNativeTarget section */

/* Begin PBXProject section */
		8182F6952A4460B700659A53 /* Project object */ = {
			isa = PBXProject;
			attributes = {
				BuildIndependentTargetsInParallel = 1;
				LastSwiftUpdateCheck = 1420;
				LastUpgradeCheck = 1420;
				TargetAttributes = {
					8182F69C2A4460B700659A53 = {
						CreatedOnToolsVersion = 14.2;
					};
				};
			};
			buildConfigurationList = 8182F6982A4460B700659A53 /* Build configuration list for PBXProject "DRMPlaybackSwiftUI" */;
			compatibilityVersion = "Xcode 14.0";
			developmentRegion = en;
			hasScannedForEncodings = 0;
			knownRegions = (
				en,
				Base,
			);
			mainGroup = 8182F6942A4460B700659A53;
			packageReferences = (
				8182F6B22A44678B00659A53 /* XCRemoteSwiftPackageReference "player-ios" */,
			);
			productRefGroup = 8182F69E2A4460B700659A53 /* Products */;
			projectDirPath = "";
			projectRoot = "";
			targets = (
				8182F69C2A4460B700659A53 /* DRMPlaybackSwiftUI */,
			);
		};
/* End PBXProject section */

/* Begin PBXResourcesBuildPhase section */
		8182F69B2A4460B700659A53 /* Resources */ = {
			isa = PBXResourcesBuildPhase;
			buildActionMask = 2147483647;
			files = (
				8182F6A82A4460B900659A53 /* Preview Assets.xcassets in Resources */,
				8182F6A52A4460B900659A53 /* Assets.xcassets in Resources */,
			);
			runOnlyForDeploymentPostprocessing = 0;
		};
/* End PBXResourcesBuildPhase section */

/* Begin PBXSourcesBuildPhase section */
		8182F6992A4460B700659A53 /* Sources */ = {
			isa = PBXSourcesBuildPhase;
			buildActionMask = 2147483647;
			files = (
				8182F6B02A44651000659A53 /* SwiftUIPlayerView.swift in Sources */,
				8182F6A32A4460B700659A53 /* ContentView.swift in Sources */,
				8182F6A12A4460B700659A53 /* DRMPlaybackSwiftUIApp.swift in Sources */,
			);
			runOnlyForDeploymentPostprocessing = 0;
		};
/* End PBXSourcesBuildPhase section */

/* Begin XCBuildConfiguration section */
		8182F6A92A4460B900659A53 /* Debug */ = {
			isa = XCBuildConfiguration;
			buildSettings = {
				ALWAYS_SEARCH_USER_PATHS = NO;
				CLANG_ANALYZER_NONNULL = YES;
				CLANG_ANALYZER_NUMBER_OBJECT_CONVERSION = YES_AGGRESSIVE;
				CLANG_CXX_LANGUAGE_STANDARD = "gnu++20";
				CLANG_ENABLE_MODULES = YES;
				CLANG_ENABLE_OBJC_ARC = YES;
				CLANG_ENABLE_OBJC_WEAK = YES;
				CLANG_WARN_BLOCK_CAPTURE_AUTORELEASING = YES;
				CLANG_WARN_BOOL_CONVERSION = YES;
				CLANG_WARN_COMMA = YES;
				CLANG_WARN_CONSTANT_CONVERSION = YES;
				CLANG_WARN_DEPRECATED_OBJC_IMPLEMENTATIONS = YES;
				CLANG_WARN_DIRECT_OBJC_ISA_USAGE = YES_ERROR;
				CLANG_WARN_DOCUMENTATION_COMMENTS = YES;
				CLANG_WARN_EMPTY_BODY = YES;
				CLANG_WARN_ENUM_CONVERSION = YES;
				CLANG_WARN_INFINITE_RECURSION = YES;
				CLANG_WARN_INT_CONVERSION = YES;
				CLANG_WARN_NON_LITERAL_NULL_CONVERSION = YES;
				CLANG_WARN_OBJC_IMPLICIT_RETAIN_SELF = YES;
				CLANG_WARN_OBJC_LITERAL_CONVERSION = YES;
				CLANG_WARN_OBJC_ROOT_CLASS = YES_ERROR;
				CLANG_WARN_QUOTED_INCLUDE_IN_FRAMEWORK_HEADER = YES;
				CLANG_WARN_RANGE_LOOP_ANALYSIS = YES;
				CLANG_WARN_STRICT_PROTOTYPES = YES;
				CLANG_WARN_SUSPICIOUS_MOVE = YES;
				CLANG_WARN_UNGUARDED_AVAILABILITY = YES_AGGRESSIVE;
				CLANG_WARN_UNREACHABLE_CODE = YES;
				CLANG_WARN__DUPLICATE_METHOD_MATCH = YES;
				COPY_PHASE_STRIP = NO;
				DEBUG_INFORMATION_FORMAT = dwarf;
				ENABLE_STRICT_OBJC_MSGSEND = YES;
				ENABLE_TESTABILITY = YES;
				GCC_C_LANGUAGE_STANDARD = gnu11;
				GCC_DYNAMIC_NO_PIC = NO;
				GCC_NO_COMMON_BLOCKS = YES;
				GCC_OPTIMIZATION_LEVEL = 0;
				GCC_PREPROCESSOR_DEFINITIONS = (
					"DEBUG=1",
					"$(inherited)",
				);
				GCC_WARN_64_TO_32_BIT_CONVERSION = YES;
				GCC_WARN_ABOUT_RETURN_TYPE = YES_ERROR;
				GCC_WARN_UNDECLARED_SELECTOR = YES;
				GCC_WARN_UNINITIALIZED_AUTOS = YES_AGGRESSIVE;
				GCC_WARN_UNUSED_FUNCTION = YES;
				GCC_WARN_UNUSED_VARIABLE = YES;
				IPHONEOS_DEPLOYMENT_TARGET = 14.0;
				MTL_ENABLE_DEBUG_INFO = INCLUDE_SOURCE;
				MTL_FAST_MATH = YES;
				ONLY_ACTIVE_ARCH = YES;
				SDKROOT = iphoneos;
				SWIFT_ACTIVE_COMPILATION_CONDITIONS = DEBUG;
				SWIFT_OPTIMIZATION_LEVEL = "-Onone";
			};
			name = Debug;
		};
		8182F6AA2A4460B900659A53 /* Release */ = {
			isa = XCBuildConfiguration;
			buildSettings = {
				ALWAYS_SEARCH_USER_PATHS = NO;
				CLANG_ANALYZER_NONNULL = YES;
				CLANG_ANALYZER_NUMBER_OBJECT_CONVERSION = YES_AGGRESSIVE;
				CLANG_CXX_LANGUAGE_STANDARD = "gnu++20";
				CLANG_ENABLE_MODULES = YES;
				CLANG_ENABLE_OBJC_ARC = YES;
				CLANG_ENABLE_OBJC_WEAK = YES;
				CLANG_WARN_BLOCK_CAPTURE_AUTORELEASING = YES;
				CLANG_WARN_BOOL_CONVERSION = YES;
				CLANG_WARN_COMMA = YES;
				CLANG_WARN_CONSTANT_CONVERSION = YES;
				CLANG_WARN_DEPRECATED_OBJC_IMPLEMENTATIONS = YES;
				CLANG_WARN_DIRECT_OBJC_ISA_USAGE = YES_ERROR;
				CLANG_WARN_DOCUMENTATION_COMMENTS = YES;
				CLANG_WARN_EMPTY_BODY = YES;
				CLANG_WARN_ENUM_CONVERSION = YES;
				CLANG_WARN_INFINITE_RECURSION = YES;
				CLANG_WARN_INT_CONVERSION = YES;
				CLANG_WARN_NON_LITERAL_NULL_CONVERSION = YES;
				CLANG_WARN_OBJC_IMPLICIT_RETAIN_SELF = YES;
				CLANG_WARN_OBJC_LITERAL_CONVERSION = YES;
				CLANG_WARN_OBJC_ROOT_CLASS = YES_ERROR;
				CLANG_WARN_QUOTED_INCLUDE_IN_FRAMEWORK_HEADER = YES;
				CLANG_WARN_RANGE_LOOP_ANALYSIS = YES;
				CLANG_WARN_STRICT_PROTOTYPES = YES;
				CLANG_WARN_SUSPICIOUS_MOVE = YES;
				CLANG_WARN_UNGUARDED_AVAILABILITY = YES_AGGRESSIVE;
				CLANG_WARN_UNREACHABLE_CODE = YES;
				CLANG_WARN__DUPLICATE_METHOD_MATCH = YES;
				COPY_PHASE_STRIP = NO;
				DEBUG_INFORMATION_FORMAT = "dwarf-with-dsym";
				ENABLE_NS_ASSERTIONS = NO;
				ENABLE_STRICT_OBJC_MSGSEND = YES;
				GCC_C_LANGUAGE_STANDARD = gnu11;
				GCC_NO_COMMON_BLOCKS = YES;
				GCC_WARN_64_TO_32_BIT_CONVERSION = YES;
				GCC_WARN_ABOUT_RETURN_TYPE = YES_ERROR;
				GCC_WARN_UNDECLARED_SELECTOR = YES;
				GCC_WARN_UNINITIALIZED_AUTOS = YES_AGGRESSIVE;
				GCC_WARN_UNUSED_FUNCTION = YES;
				GCC_WARN_UNUSED_VARIABLE = YES;
				IPHONEOS_DEPLOYMENT_TARGET = 14.0;
				MTL_ENABLE_DEBUG_INFO = NO;
				MTL_FAST_MATH = YES;
				SDKROOT = iphoneos;
				SWIFT_COMPILATION_MODE = wholemodule;
				SWIFT_OPTIMIZATION_LEVEL = "-O";
				VALIDATE_PRODUCT = YES;
			};
			name = Release;
		};
		8182F6AC2A4460B900659A53 /* Debug */ = {
			isa = XCBuildConfiguration;
			buildSettings = {
				ASSETCATALOG_COMPILER_APPICON_NAME = AppIcon;
				ASSETCATALOG_COMPILER_GLOBAL_ACCENT_COLOR_NAME = AccentColor;
				CODE_SIGN_STYLE = Automatic;
				CURRENT_PROJECT_VERSION = 1;
				DEVELOPMENT_ASSET_PATHS = "\"DRMPlaybackSwiftUI/Preview Content\"";
				DEVELOPMENT_TEAM = R6HLS8596L;
				ENABLE_PREVIEWS = YES;
				GENERATE_INFOPLIST_FILE = YES;
				INFOPLIST_FILE = DRMPlaybackSwiftUI/Info.plist;
				INFOPLIST_KEY_UIApplicationSceneManifest_Generation = YES;
				INFOPLIST_KEY_UIApplicationSupportsIndirectInputEvents = YES;
				INFOPLIST_KEY_UILaunchScreen_Generation = YES;
				INFOPLIST_KEY_UISupportedInterfaceOrientations_iPad = "UIInterfaceOrientationPortrait UIInterfaceOrientationPortraitUpsideDown UIInterfaceOrientationLandscapeLeft UIInterfaceOrientationLandscapeRight";
				INFOPLIST_KEY_UISupportedInterfaceOrientations_iPhone = "UIInterfaceOrientationPortrait UIInterfaceOrientationLandscapeLeft UIInterfaceOrientationLandscapeRight";
				IPHONEOS_DEPLOYMENT_TARGET = 14.0;
				LD_RUNPATH_SEARCH_PATHS = (
					"$(inherited)",
					"@executable_path/Frameworks",
				);
				MARKETING_VERSION = 1.0;
				PRODUCT_BUNDLE_IDENTIFIER = com.insys.player.bitmovin.drm.swiftui.DRMPlaybackSwiftUI;
				PRODUCT_NAME = "Cloud DRM Bitmovin SwiftUI";
				SWIFT_EMIT_LOC_STRINGS = YES;
				SWIFT_VERSION = 5.0;
				TARGETED_DEVICE_FAMILY = "1,2";
			};
			name = Debug;
		};
		8182F6AD2A4460B900659A53 /* Release */ = {
			isa = XCBuildConfiguration;
			buildSettings = {
				ASSETCATALOG_COMPILER_APPICON_NAME = AppIcon;
				ASSETCATALOG_COMPILER_GLOBAL_ACCENT_COLOR_NAME = AccentColor;
				CODE_SIGN_STYLE = Automatic;
				CURRENT_PROJECT_VERSION = 1;
				DEVELOPMENT_ASSET_PATHS = "\"DRMPlaybackSwiftUI/Preview Content\"";
				DEVELOPMENT_TEAM = R6HLS8596L;
				ENABLE_PREVIEWS = YES;
				GENERATE_INFOPLIST_FILE = YES;
				INFOPLIST_FILE = DRMPlaybackSwiftUI/Info.plist;
				INFOPLIST_KEY_UIApplicationSceneManifest_Generation = YES;
				INFOPLIST_KEY_UIApplicationSupportsIndirectInputEvents = YES;
				INFOPLIST_KEY_UILaunchScreen_Generation = YES;
				INFOPLIST_KEY_UISupportedInterfaceOrientations_iPad = "UIInterfaceOrientationPortrait UIInterfaceOrientationPortraitUpsideDown UIInterfaceOrientationLandscapeLeft UIInterfaceOrientationLandscapeRight";
				INFOPLIST_KEY_UISupportedInterfaceOrientations_iPhone = "UIInterfaceOrientationPortrait UIInterfaceOrientationLandscapeLeft UIInterfaceOrientationLandscapeRight";
				IPHONEOS_DEPLOYMENT_TARGET = 14.0;
				LD_RUNPATH_SEARCH_PATHS = (
					"$(inherited)",
					"@executable_path/Frameworks",
				);
				MARKETING_VERSION = 1.0;
				PRODUCT_BUNDLE_IDENTIFIER = com.insys.player.bitmovin.drm.swiftui.DRMPlaybackSwiftUI;
				PRODUCT_NAME = "Cloud DRM Bitmovin SwiftUI";
				SWIFT_EMIT_LOC_STRINGS = YES;
				SWIFT_VERSION = 5.0;
				TARGETED_DEVICE_FAMILY = "1,2";
			};
			name = Release;
		};
/* End XCBuildConfiguration section */

/* Begin XCConfigurationList section */
		8182F6982A4460B700659A53 /* Build configuration list for PBXProject "DRMPlaybackSwiftUI" */ = {
			isa = XCConfigurationList;
			buildConfigurations = (
				8182F6A92A4460B900659A53 /* Debug */,
				8182F6AA2A4460B900659A53 /* Release */,
			);
			defaultConfigurationIsVisible = 0;
			defaultConfigurationName = Release;
		};
		8182F6AB2A4460B900659A53 /* Build configuration list for PBXNativeTarget "DRMPlaybackSwiftUI" */ = {
			isa = XCConfigurationList;
			buildConfigurations = (
				8182F6AC2A4460B900659A53 /* Debug */,
				8182F6AD2A4460B900659A53 /* Release */,
			);
			defaultConfigurationIsVisible = 0;
			defaultConfigurationName = Release;
		};
/* End XCConfigurationList section */

/* Begin XCRemoteSwiftPackageReference section */
		8182F6B22A44678B00659A53 /* XCRemoteSwiftPackageReference "player-ios" */ = {
			isa = XCRemoteSwiftPackageReference;
			repositoryURL = "https://github.com/bitmovin/player-ios.git";
			requirement = {
				kind = exactVersion;
				version = 3.38.0;
			};
		};
/* End XCRemoteSwiftPackageReference section */

/* Begin XCSwiftPackageProductDependency section */
		8182F6B32A44678B00659A53 /* BitmovinPlayer */ = {
			isa = XCSwiftPackageProductDependency;
			package = 8182F6B22A44678B00659A53 /* XCRemoteSwiftPackageReference "player-ios" */;
			productName = BitmovinPlayer;
		};
/* End XCSwiftPackageProductDependency section */
	};
	rootObject = 8182F6952A4460B700659A53 /* Project object */;
}
